// !$*UTF8*$!
{
	archiveVersion = 1;
	classes = {
	};
	objectVersion = 50;
	objects = {

/* Begin PBXBuildFile section */
		1805558225D6A94F00B91FAF /* AppDelegate.swift in Sources */ = {isa = PBXBuildFile; fileRef = 1805558125D6A94F00B91FAF /* AppDelegate.swift */; };
		1805558425D6A94F00B91FAF /* SceneDelegate.swift in Sources */ = {isa = PBXBuildFile; fileRef = 1805558325D6A94F00B91FAF /* SceneDelegate.swift */; };
		1805558625D6A94F00B91FAF /* ViewController.swift in Sources */ = {isa = PBXBuildFile; fileRef = 1805558525D6A94F00B91FAF /* ViewController.swift */; };
		1805558925D6A94F00B91FAF /* Main.storyboard in Resources */ = {isa = PBXBuildFile; fileRef = 1805558725D6A94F00B91FAF /* Main.storyboard */; };
		1805558B25D6A95100B91FAF /* Assets.xcassets in Resources */ = {isa = PBXBuildFile; fileRef = 1805558A25D6A95100B91FAF /* Assets.xcassets */; };
		1805558E25D6A95100B91FAF /* LaunchScreen.storyboard in Resources */ = {isa = PBXBuildFile; fileRef = 1805558C25D6A95100B91FAF /* LaunchScreen.storyboard */; };
		1805559825D6B2B000B91FAF /* Extension.swift in Sources */ = {isa = PBXBuildFile; fileRef = 1805559725D6B2B000B91FAF /* Extension.swift */; };
/* End PBXBuildFile section */

/* Begin PBXFileReference section */
		1805557E25D6A94F00B91FAF /* Firminiq_Test.app */ = {isa = PBXFileReference; explicitFileType = wrapper.application; includeInIndex = 0; path = Firminiq_Test.app; sourceTree = BUILT_PRODUCTS_DIR; };
		1805558125D6A94F00B91FAF /* AppDelegate.swift */ = {isa = PBXFileReference; lastKnownFileType = sourcecode.swift; path = AppDelegate.swift; sourceTree = "<group>"; };
		1805558325D6A94F00B91FAF /* SceneDelegate.swift */ = {isa = PBXFileReference; lastKnownFileType = sourcecode.swift; path = SceneDelegate.swift; sourceTree = "<group>"; };
		1805558525D6A94F00B91FAF /* ViewController.swift */ = {isa = PBXFileReference; lastKnownFileType = sourcecode.swift; path = ViewController.swift; sourceTree = "<group>"; };
		1805558825D6A94F00B91FAF /* Base */ = {isa = PBXFileReference; lastKnownFileType = file.storyboard; name = Base; path = Base.lproj/Main.storyboard; sourceTree = "<group>"; };
		1805558A25D6A95100B91FAF /* Assets.xcassets */ = {isa = PBXFileReference; lastKnownFileType = folder.assetcatalog; path = Assets.xcassets; sourceTree = "<group>"; };
		1805558D25D6A95100B91FAF /* Base */ = {isa = PBXFileReference; lastKnownFileType = file.storyboard; name = Base; path = Base.lproj/LaunchScreen.storyboard; sourceTree = "<group>"; };
		1805558F25D6A95100B91FAF /* Info.plist */ = {isa = PBXFileReference; lastKnownFileType = text.plist.xml; path = Info.plist; sourceTree = "<group>"; };
		1805559725D6B2B000B91FAF /* Extension.swift */ = {isa = PBXFileReference; lastKnownFileType = sourcecode.swift; path = Extension.swift; sourceTree = "<group>"; };
/* End PBXFileReference section */

/* Begin PBXFrameworksBuildPhase section */
		1805557B25D6A94F00B91FAF /* Frameworks */ = {
			isa = PBXFrameworksBuildPhase;
			buildActionMask = 2147483647;
			files = (
			);
			runOnlyForDeploymentPostprocessing = 0;
		};
/* End PBXFrameworksBuildPhase section */

/* Begin PBXGroup section */
		1805557525D6A94F00B91FAF = {
			isa = PBXGroup;
			children = (
				1805558025D6A94F00B91FAF /* Firminiq_Test */,
				1805557F25D6A94F00B91FAF /* Products */,
			);
			sourceTree = "<group>";
		};
		1805557F25D6A94F00B91FAF /* Products */ = {
			isa = PBXGroup;
			children = (
				1805557E25D6A94F00B91FAF /* Firminiq_Test.app */,
			);
			name = Products;
			sourceTree = "<group>";
		};
		1805558025D6A94F00B91FAF /* Firminiq_Test */ = {
			isa = PBXGroup;
			children = (
				1805559625D6B26A00B91FAF /* Extension */,
				1805558125D6A94F00B91FAF /* AppDelegate.swift */,
				1805558325D6A94F00B91FAF /* SceneDelegate.swift */,
				1805558525D6A94F00B91FAF /* ViewController.swift */,
				1805558725D6A94F00B91FAF /* Main.storyboard */,
				1805558A25D6A95100B91FAF /* Assets.xcassets */,
				1805558C25D6A95100B91FAF /* LaunchScreen.storyboard */,
				1805558F25D6A95100B91FAF /* Info.plist */,
			);
			path = Firminiq_Test;
			sourceTree = "<group>";
		};
		1805559625D6B26A00B91FAF /* Extension */ = {
			isa = PBXGroup;
			children = (
				1805559725D6B2B000B91FAF /* Extension.swift */,
			);
			path = Extension;
			sourceTree = "<group>";
		};
/* End PBXGroup section */

/* Begin PBXNativeTarget section */
		1805557D25D6A94F00B91FAF /* Firminiq_Test */ = {
			isa = PBXNativeTarget;
			buildConfigurationList = 1805559225D6A95100B91FAF /* Build configuration list for PBXNativeTarget "Firminiq_Test" */;
			buildPhases = (
				1805557A25D6A94F00B91FAF /* Sources */,
				1805557B25D6A94F00B91FAF /* Frameworks */,
				1805557C25D6A94F00B91FAF /* Resources */,
			);
			buildRules = (
			);
			dependencies = (
			);
			name = Firminiq_Test;
			productName = Firminiq_Test;
			productReference = 1805557E25D6A94F00B91FAF /* Firminiq_Test.app */;
			productType = "com.apple.product-type.application";
		};
/* End PBXNativeTarget section */

/* Begin PBXProject section */
		1805557625D6A94F00B91FAF /* Project object */ = {
			isa = PBXProject;
			attributes = {
				LastSwiftUpdateCheck = 1210;
				LastUpgradeCheck = 1210;
				TargetAttributes = {
					1805557D25D6A94F00B91FAF = {
						CreatedOnToolsVersion = 12.1;
					};
				};
			};
			buildConfigurationList = 1805557925D6A94F00B91FAF /* Build configuration list for PBXProject "Firminiq_Test" */;
			compatibilityVersion = "Xcode 9.3";
			developmentRegion = en;
			hasScannedForEncodings = 0;
			knownRegions = (
				en,
				Base,
			);
			mainGroup = 1805557525D6A94F00B91FAF;
			productRefGroup = 1805557F25D6A94F00B91FAF /* Products */;
			projectDirPath = "";
			projectRoot = "";
			targets = (
				1805557D25D6A94F00B91FAF /* Firminiq_Test */,
			);
		};
/* End PBXProject section */

/* Begin PBXResourcesBuildPhase section */
		1805557C25D6A94F00B91FAF /* Resources */ = {
			isa = PBXResourcesBuildPhase;
			buildActionMask = 2147483647;
			files = (
				1805558E25D6A95100B91FAF /* LaunchScreen.storyboard in Resources */,
				1805558B25D6A95100B91FAF /* Assets.xcassets in Resources */,
				1805558925D6A94F00B91FAF /* Main.storyboard in Resources */,
			);
			runOnlyForDeploymentPostprocessing = 0;
		};
/* End PBXResourcesBuildPhase section */

/* Begin PBXSourcesBuildPhase section */
		1805557A25D6A94F00B91FAF /* Sources */ = {
			isa = PBXSourcesBuildPhase;
			buildActionMask = 2147483647;
			files = (
				1805558625D6A94F00B91FAF /* ViewController.swift in Sources */,
				1805558225D6A94F00B91FAF /* AppDelegate.swift in Sources */,
				1805558425D6A94F00B91FAF /* SceneDelegate.swift in Sources */,
				1805559825D6B2B000B91FAF /* Extension.swift in Sources */,
			);
			runOnlyForDeploymentPostprocessing = 0;
		};
/* End PBXSourcesBuildPhase section */

/* Begin PBXVariantGroup section */
		1805558725D6A94F00B91FAF /* Main.storyboard */ = {
			isa = PBXVariantGroup;
			children = (
				1805558825D6A94F00B91FAF /* Base */,
			);
			name = Main.storyboard;
			sourceTree = "<group>";
		};
		1805558C25D6A95100B91FAF /* LaunchScreen.storyboard */ = {
			isa = PBXVariantGroup;
			children = (
				1805558D25D6A95100B91FAF /* Base */,
			);
			name = LaunchScreen.storyboard;
			sourceTree = "<group>";
		};
/* End PBXVariantGroup section */

/* Begin XCBuildConfiguration section */
		1805559025D6A95100B91FAF /* Debug */ = {
			isa = XCBuildConfiguration;
			buildSettings = {
				ALWAYS_SEARCH_USER_PATHS = NO;
				CLANG_ANALYZER_NONNULL = YES;
				CLANG_ANALYZER_NUMBER_OBJECT_CONVERSION = YES_AGGRESSIVE;
				CLANG_CXX_LANGUAGE_STANDARD = "gnu++14";
				CLANG_CXX_LIBRARY = "libc++";
				CLANG_ENABLE_MODULES = YES;
				CLANG_ENABLE_OBJC_ARC = YES;
				CLANG_ENABLE_OBJC_WEAK = YES;
				CLANG_WARN_BLOCK_CAPTURE_AUTORELEASING = YES;
				CLANG_WARN_BOOL_CONVERSION = YES;
				CLANG_WARN_COMMA = YES;
				CLANG_WARN_CONSTANT_CONVERSION = YES;
				CLANG_WARN_DEPRECATED_OBJC_IMPLEMENTATIONS = YES;
				CLANG_WARN_DIRECT_OBJC_ISA_USAGE = YES_ERROR;
				CLANG_WARN_DOCUMENTATION_COMMENTS = YES;
				CLANG_WARN_EMPTY_BODY = YES;
				CLANG_WARN_ENUM_CONVERSION = YES;
				CLANG_WARN_INFINITE_RECURSION = YES;
				CLANG_WARN_INT_CONVERSION = YES;
				CLANG_WARN_NON_LITERAL_NULL_CONVERSION = YES;
				CLANG_WARN_OBJC_IMPLICIT_RETAIN_SELF = YES;
				CLANG_WARN_OBJC_LITERAL_CONVERSION = YES;
				CLANG_WARN_OBJC_ROOT_CLASS = YES_ERROR;
				CLANG_WARN_QUOTED_INCLUDE_IN_FRAMEWORK_HEADER = YES;
				CLANG_WARN_RANGE_LOOP_ANALYSIS = YES;
				CLANG_WARN_STRICT_PROTOTYPES = YES;
				CLANG_WARN_SUSPICIOUS_MOVE = YES;
				CLANG_WARN_UNGUARDED_AVAILABILITY = YES_AGGRESSIVE;
				CLANG_WARN_UNREACHABLE_CODE = YES;
				CLANG_WARN__DUPLICATE_METHOD_MATCH = YES;
				COPY_PHASE_STRIP = NO;
				DEBUG_INFORMATION_FORMAT = dwarf;
				ENABLE_STRICT_OBJC_MSGSEND = YES;
				ENABLE_TESTABILITY = YES;
				GCC_C_LANGUAGE_STANDARD = gnu11;
				GCC_DYNAMIC_NO_PIC = NO;
				GCC_NO_COMMON_BLOCKS = YES;
				GCC_OPTIMIZATION_LEVEL = 0;
				GCC_PREPROCESSOR_DEFINITIONS = (
					"DEBUG=1",
					"$(inherited)",
				);
				GCC_WARN_64_TO_32_BIT_CONVERSION = YES;
				GCC_WARN_ABOUT_RETURN_TYPE = YES_ERROR;
				GCC_WARN_UNDECLARED_SELECTOR = YES;
				GCC_WARN_UNINITIALIZED_AUTOS = YES_AGGRESSIVE;
				GCC_WARN_UNUSED_FUNCTION = YES;
				GCC_WARN_UNUSED_VARIABLE = YES;
				IPHONEOS_DEPLOYMENT_TARGET = 14.1;
				MTL_ENABLE_DEBUG_INFO = INCLUDE_SOURCE;
				MTL_FAST_MATH = YES;
				ONLY_ACTIVE_ARCH = YES;
				SDKROOT = iphoneos;
				SWIFT_ACTIVE_COMPILATION_CONDITIONS = DEBUG;
				SWIFT_OPTIMIZATION_LEVEL = "-Onone";
			};
			name = Debug;
		};
		1805559125D6A95100B91FAF /* Release */ = {
			isa = XCBuildConfiguration;
			buildSettings = {
				ALWAYS_SEARCH_USER_PATHS = NO;
				CLANG_ANALYZER_NONNULL = YES;
				CLANG_ANALYZER_NUMBER_OBJECT_CONVERSION = YES_AGGRESSIVE;
				CLANG_CXX_LANGUAGE_STANDARD = "gnu++14";
				CLANG_CXX_LIBRARY = "libc++";
				CLANG_ENABLE_MODULES = YES;
				CLANG_ENABLE_OBJC_ARC = YES;
				CLANG_ENABLE_OBJC_WEAK = YES;
				CLANG_WARN_BLOCK_CAPTURE_AUTORELEASING = YES;
				CLANG_WARN_BOOL_CONVERSION = YES;
				CLANG_WARN_COMMA = YES;
				CLANG_WARN_CONSTANT_CONVERSION = YES;
				CLANG_WARN_DEPRECATED_OBJC_IMPLEMENTATIONS = YES;
				CLANG_WARN_DIRECT_OBJC_ISA_USAGE = YES_ERROR;
				CLANG_WARN_DOCUMENTATION_COMMENTS = YES;
				CLANG_WARN_EMPTY_BODY = YES;
				CLANG_WARN_ENUM_CONVERSION = YES;
				CLANG_WARN_INFINITE_RECURSION = YES;
				CLANG_WARN_INT_CONVERSION = YES;
				CLANG_WARN_NON_LITERAL_NULL_CONVERSION = YES;
				CLANG_WARN_OBJC_IMPLICIT_RETAIN_SELF = YES;
				CLANG_WARN_OBJC_LITERAL_CONVERSION = YES;
				CLANG_WARN_OBJC_ROOT_CLASS = YES_ERROR;
				CLANG_WARN_QUOTED_INCLUDE_IN_FRAMEWORK_HEADER = YES;
				CLANG_WARN_RANGE_LOOP_ANALYSIS = YES;
				CLANG_WARN_STRICT_PROTOTYPES = YES;
				CLANG_WARN_SUSPICIOUS_MOVE = YES;
				CLANG_WARN_UNGUARDED_AVAILABILITY = YES_AGGRESSIVE;
				CLANG_WARN_UNREACHABLE_CODE = YES;
				CLANG_WARN__DUPLICATE_METHOD_MATCH = YES;
				COPY_PHASE_STRIP = NO;
				DEBUG_INFORMATION_FORMAT = "dwarf-with-dsym";
				ENABLE_NS_ASSERTIONS = NO;
				ENABLE_STRICT_OBJC_MSGSEND = YES;
				GCC_C_LANGUAGE_STANDARD = gnu11;
				GCC_NO_COMMON_BLOCKS = YES;
				GCC_WARN_64_TO_32_BIT_CONVERSION = YES;
				GCC_WARN_ABOUT_RETURN_TYPE = YES_ERROR;
				GCC_WARN_UNDECLARED_SELECTOR = YES;
				GCC_WARN_UNINITIALIZED_AUTOS = YES_AGGRESSIVE;
				GCC_WARN_UNUSED_FUNCTION = YES;
				GCC_WARN_UNUSED_VARIABLE = YES;
				IPHONEOS_DEPLOYMENT_TARGET = 14.1;
				MTL_ENABLE_DEBUG_INFO = NO;
				MTL_FAST_MATH = YES;
				SDKROOT = iphoneos;
				SWIFT_COMPILATION_MODE = wholemodule;
				SWIFT_OPTIMIZATION_LEVEL = "-O";
				VALIDATE_PRODUCT = YES;
			};
			name = Release;
		};
		1805559325D6A95100B91FAF /* Debug */ = {
			isa = XCBuildConfiguration;
			buildSettings = {
				ASSETCATALOG_COMPILER_APPICON_NAME = AppIcon;
				ASSETCATALOG_COMPILER_GLOBAL_ACCENT_COLOR_NAME = AccentColor;
				CODE_SIGN_STYLE = Automatic;
				INFOPLIST_FILE = Firminiq_Test/Info.plist;
				LD_RUNPATH_SEARCH_PATHS = (
					"$(inherited)",
					"@executable_path/Frameworks",
				);
				PRODUCT_BUNDLE_IDENTIFIER = "com.Firminiq-Test";
				PRODUCT_NAME = "$(TARGET_NAME)";
				SWIFT_VERSION = 5.0;
				TARGETED_DEVICE_FAMILY = "1,2";
			};
			name = Debug;
		};
		1805559425D6A95100B91FAF /* Release */ = {
			isa = XCBuildConfiguration;
			buildSettings = {
				ASSETCATALOG_COMPILER_APPICON_NAME = AppIcon;
				ASSETCATALOG_COMPILER_GLOBAL_ACCENT_COLOR_NAME = AccentColor;
				CODE_SIGN_STYLE = Automatic;
				INFOPLIST_FILE = Firminiq_Test/Info.plist;
				LD_RUNPATH_SEARCH_PATHS = (
					"$(inherited)",
					"@executable_path/Frameworks",
				);
				PRODUCT_BUNDLE_IDENTIFIER = "com.Firminiq-Test";
				PRODUCT_NAME = "$(TARGET_NAME)";
				SWIFT_VERSION = 5.0;
				TARGETED_DEVICE_FAMILY = "1,2";
			};
			name = Release;
		};
/* End XCBuildConfiguration section */

/* Begin XCConfigurationList section */
		1805557925D6A94F00B91FAF /* Build configuration list for PBXProject "Firminiq_Test" */ = {
			isa = XCConfigurationList;
			buildConfigurations = (
				1805559025D6A95100B91FAF /* Debug */,
				1805559125D6A95100B91FAF /* Release */,
			);
			defaultConfigurationIsVisible = 0;
			defaultConfigurationName = Release;
		};
		1805559225D6A95100B91FAF /* Build configuration list for PBXNativeTarget "Firminiq_Test" */ = {
			isa = XCConfigurationList;
			buildConfigurations = (
				1805559325D6A95100B91FAF /* Debug */,
				1805559425D6A95100B91FAF /* Release */,
			);
			defaultConfigurationIsVisible = 0;
			defaultConfigurationName = Release;
		};
/* End XCConfigurationList section */
	};
	rootObject = 1805557625D6A94F00B91FAF /* Project object */;
}
